
Microsoft Visual Studio Solution File, Format Version 12.00
# Visual Studio 15
VisualStudioVersion = 15.0.28307.705
MinimumVisualStudioVersion = 10.0.40219.1
Project("{FAE04EC0-301F-11D3-BF4B-00C04F79EFBC}") = "MovilGarage.Android", "MovilGarage\MovilGarage.Android\MovilGarage.Android.csproj", "{DA8B49D3-40A2-4F50-83BD-7DF2E12383F6}"
EndProject
Project("{FAE04EC0-301F-11D3-BF4B-00C04F79EFBC}") = "MovilGarage.iOS", "MovilGarage\MovilGarage.iOS\MovilGarage.iOS.csproj", "{E5B947C2-4EF5-4683-A274-49565EBB3EFE}"
EndProject
Project("{FAE04EC0-301F-11D3-BF4B-00C04F79EFBC}") = "MovilGarage.UWP", "MovilGarage\MovilGarage.UWP\MovilGarage.UWP.csproj", "{7F5D9ED2-7685-41CB-B285-9EB7B55BDE8A}"
EndProject
Project("{FAE04EC0-301F-11D3-BF4B-00C04F79EFBC}") = "MovilGarage", "MovilGarage\MovilGarage\MovilGarage.csproj", "{2C74E4C6-FBB9-4BD8-B35E-E5854A84A90B}"
EndProject
Global
	GlobalSection(SolutionConfigurationPlatforms) = preSolution
		Ad-Hoc|Any CPU = Ad-Hoc|Any CPU
		Ad-Hoc|ARM = Ad-Hoc|ARM
		Ad-Hoc|iPhone = Ad-Hoc|iPhone
		Ad-Hoc|iPhoneSimulator = Ad-Hoc|iPhoneSimulator
		Ad-Hoc|x64 = Ad-Hoc|x64
		Ad-Hoc|x86 = Ad-Hoc|x86
		AppStore|Any CPU = AppStore|Any CPU
		AppStore|ARM = AppStore|ARM
		AppStore|iPhone = AppStore|iPhone
		AppStore|iPhoneSimulator = AppStore|iPhoneSimulator
		AppStore|x64 = AppStore|x64
		AppStore|x86 = AppStore|x86
		Debug|Any CPU = Debug|Any CPU
		Debug|ARM = Debug|ARM
		Debug|iPhone = Debug|iPhone
		Debug|iPhoneSimulator = Debug|iPhoneSimulator
		Debug|x64 = Debug|x64
		Debug|x86 = Debug|x86
		Release|Any CPU = Release|Any CPU
		Release|ARM = Release|ARM
		Release|iPhone = Release|iPhone
		Release|iPhoneSimulator = Release|iPhoneSimulator
		Release|x64 = Release|x64
		Release|x86 = Release|x86
	EndGlobalSection
	GlobalSection(ProjectConfigurationPlatforms) = postSolution
		{DA8B49D3-40A2-4F50-83BD-7DF2E12383F6}.Ad-Hoc|Any CPU.ActiveCfg = Release|Any CPU
		{DA8B49D3-40A2-4F50-83BD-7DF2E12383F6}.Ad-Hoc|Any CPU.Build.0 = Release|Any CPU
		{DA8B49D3-40A2-4F50-83BD-7DF2E12383F6}.Ad-Hoc|Any CPU.Deploy.0 = Release|Any CPU
		{DA8B49D3-40A2-4F50-83BD-7DF2E12383F6}.Ad-Hoc|ARM.ActiveCfg = Release|Any CPU
		{DA8B49D3-40A2-4F50-83BD-7DF2E12383F6}.Ad-Hoc|ARM.Build.0 = Release|Any CPU
		{DA8B49D3-40A2-4F50-83BD-7DF2E12383F6}.Ad-Hoc|ARM.Deploy.0 = Release|Any CPU
		{DA8B49D3-40A2-4F50-83BD-7DF2E12383F6}.Ad-Hoc|iPhone.ActiveCfg = Release|Any CPU
		{DA8B49D3-40A2-4F50-83BD-7DF2E12383F6}.Ad-Hoc|iPhone.Build.0 = Release|Any CPU
		{DA8B49D3-40A2-4F50-83BD-7DF2E12383F6}.Ad-Hoc|iPhone.Deploy.0 = Release|Any CPU
		{DA8B49D3-40A2-4F50-83BD-7DF2E12383F6}.Ad-Hoc|iPhoneSimulator.ActiveCfg = Release|Any CPU
		{DA8B49D3-40A2-4F50-83BD-7DF2E12383F6}.Ad-Hoc|iPhoneSimulator.Build.0 = Release|Any CPU
		{DA8B49D3-40A2-4F50-83BD-7DF2E12383F6}.Ad-Hoc|iPhoneSimulator.Deploy.0 = Release|Any CPU
		{DA8B49D3-40A2-4F50-83BD-7DF2E12383F6}.Ad-Hoc|x64.ActiveCfg = Release|Any CPU
		{DA8B49D3-40A2-4F50-83BD-7DF2E12383F6}.Ad-Hoc|x64.Build.0 = Release|Any CPU
		{DA8B49D3-40A2-4F50-83BD-7DF2E12383F6}.Ad-Hoc|x64.Deploy.0 = Release|Any CPU
		{DA8B49D3-40A2-4F50-83BD-7DF2E12383F6}.Ad-Hoc|x86.ActiveCfg = Release|Any CPU
		{DA8B49D3-40A2-4F50-83BD-7DF2E12383F6}.Ad-Hoc|x86.Build.0 = Release|Any CPU
		{DA8B49D3-40A2-4F50-83BD-7DF2E12383F6}.Ad-Hoc|x86.Deploy.0 = Release|Any CPU
		{DA8B49D3-40A2-4F50-83BD-7DF2E12383F6}.AppStore|Any CPU.ActiveCfg = Release|Any CPU
		{DA8B49D3-40A2-4F50-83BD-7DF2E12383F6}.AppStore|Any CPU.Build.0 = Release|Any CPU
		{DA8B49D3-40A2-4F50-83BD-7DF2E12383F6}.AppStore|Any CPU.Deploy.0 = Release|Any CPU
		{DA8B49D3-40A2-4F50-83BD-7DF2E12383F6}.AppStore|ARM.ActiveCfg = Release|Any CPU
		{DA8B49D3-40A2-4F50-83BD-7DF2E12383F6}.AppStore|ARM.Build.0 = Release|Any CPU
		{DA8B49D3-40A2-4F50-83BD-7DF2E12383F6}.AppStore|ARM.Deploy.0 = Release|Any CPU
		{DA8B49D3-40A2-4F50-83BD-7DF2E12383F6}.AppStore|iPhone.ActiveCfg = Release|Any CPU
		{DA8B49D3-40A2-4F50-83BD-7DF2E12383F6}.AppStore|iPhone.Build.0 = Release|Any CPU
		{DA8B49D3-40A2-4F50-83BD-7DF2E12383F6}.AppStore|iPhone.Deploy.0 = Release|Any CPU
		{DA8B49D3-40A2-4F50-83BD-7DF2E12383F6}.AppStore|iPhoneSimulator.ActiveCfg = Release|Any CPU
		{DA8B49D3-40A2-4F50-83BD-7DF2E12383F6}.AppStore|iPhoneSimulator.Build.0 = Release|Any CPU
		{DA8B49D3-40A2-4F50-83BD-7DF2E12383F6}.AppStore|iPhoneSimulator.Deploy.0 = Release|Any CPU
		{DA8B49D3-40A2-4F50-83BD-7DF2E12383F6}.AppStore|x64.ActiveCfg = Release|Any CPU
		{DA8B49D3-40A2-4F50-83BD-7DF2E12383F6}.AppStore|x64.Build.0 = Release|Any CPU
		{DA8B49D3-40A2-4F50-83BD-7DF2E12383F6}.AppStore|x64.Deploy.0 = Release|Any CPU
		{DA8B49D3-40A2-4F50-83BD-7DF2E12383F6}.AppStore|x86.ActiveCfg = Release|Any CPU
		{DA8B49D3-40A2-4F50-83BD-7DF2E12383F6}.AppStore|x86.Build.0 = Release|Any CPU
		{DA8B49D3-40A2-4F50-83BD-7DF2E12383F6}.AppStore|x86.Deploy.0 = Release|Any CPU
		{DA8B49D3-40A2-4F50-83BD-7DF2E12383F6}.Debug|Any CPU.ActiveCfg = Debug|Any CPU
		{DA8B49D3-40A2-4F50-83BD-7DF2E12383F6}.Debug|Any CPU.Build.0 = Debug|Any CPU
		{DA8B49D3-40A2-4F50-83BD-7DF2E12383F6}.Debug|Any CPU.Deploy.0 = Debug|Any CPU
		{DA8B49D3-40A2-4F50-83BD-7DF2E12383F6}.Debug|ARM.ActiveCfg = Debug|Any CPU
		{DA8B49D3-40A2-4F50-83BD-7DF2E12383F6}.Debug|ARM.Build.0 = Debug|Any CPU
		{DA8B49D3-40A2-4F50-83BD-7DF2E12383F6}.Debug|ARM.Deploy.0 = Debug|Any CPU
		{DA8B49D3-40A2-4F50-83BD-7DF2E12383F6}.Debug|iPhone.ActiveCfg = Debug|Any CPU
		{DA8B49D3-40A2-4F50-83BD-7DF2E12383F6}.Debug|iPhone.Build.0 = Debug|Any CPU
		{DA8B49D3-40A2-4F50-83BD-7DF2E12383F6}.Debug|iPhone.Deploy.0 = Debug|Any CPU
		{DA8B49D3-40A2-4F50-83BD-7DF2E12383F6}.Debug|iPhoneSimulator.ActiveCfg = Debug|Any CPU
		{DA8B49D3-40A2-4F50-83BD-7DF2E12383F6}.Debug|iPhoneSimulator.Build.0 = Debug|Any CPU
		{DA8B49D3-40A2-4F50-83BD-7DF2E12383F6}.Debug|iPhoneSimulator.Deploy.0 = Debug|Any CPU
		{DA8B49D3-40A2-4F50-83BD-7DF2E12383F6}.Debug|x64.ActiveCfg = Debug|Any CPU
		{DA8B49D3-40A2-4F50-83BD-7DF2E12383F6}.Debug|x64.Build.0 = Debug|Any CPU
		{DA8B49D3-40A2-4F50-83BD-7DF2E12383F6}.Debug|x64.Deploy.0 = Debug|Any CPU
		{DA8B49D3-40A2-4F50-83BD-7DF2E12383F6}.Debug|x86.ActiveCfg = Debug|Any CPU
		{DA8B49D3-40A2-4F50-83BD-7DF2E12383F6}.Debug|x86.Build.0 = Debug|Any CPU
		{DA8B49D3-40A2-4F50-83BD-7DF2E12383F6}.Debug|x86.Deploy.0 = Debug|Any CPU
		{DA8B49D3-40A2-4F50-83BD-7DF2E12383F6}.Release|Any CPU.ActiveCfg = Release|Any CPU
		{DA8B49D3-40A2-4F50-83BD-7DF2E12383F6}.Release|Any CPU.Build.0 = Release|Any CPU
		{DA8B49D3-40A2-4F50-83BD-7DF2E12383F6}.Release|Any CPU.Deploy.0 = Release|Any CPU
		{DA8B49D3-40A2-4F50-83BD-7DF2E12383F6}.Release|ARM.ActiveCfg = Release|Any CPU
		{DA8B49D3-40A2-4F50-83BD-7DF2E12383F6}.Release|ARM.Build.0 = Release|Any CPU
		{DA8B49D3-40A2-4F50-83BD-7DF2E12383F6}.Release|ARM.Deploy.0 = Release|Any CPU
		{DA8B49D3-40A2-4F50-83BD-7DF2E12383F6}.Release|iPhone.ActiveCfg = Release|Any CPU
		{DA8B49D3-40A2-4F50-83BD-7DF2E12383F6}.Release|iPhone.Build.0 = Release|Any CPU
		{DA8B49D3-40A2-4F50-83BD-7DF2E12383F6}.Release|iPhone.Deploy.0 = Release|Any CPU
		{DA8B49D3-40A2-4F50-83BD-7DF2E12383F6}.Release|iPhoneSimulator.ActiveCfg = Release|Any CPU
		{DA8B49D3-40A2-4F50-83BD-7DF2E12383F6}.Release|iPhoneSimulator.Build.0 = Release|Any CPU
		{DA8B49D3-40A2-4F50-83BD-7DF2E12383F6}.Release|iPhoneSimulator.Deploy.0 = Release|Any CPU
		{DA8B49D3-40A2-4F50-83BD-7DF2E12383F6}.Release|x64.ActiveCfg = Release|Any CPU
		{DA8B49D3-40A2-4F50-83BD-7DF2E12383F6}.Release|x64.Build.0 = Release|Any CPU
		{DA8B49D3-40A2-4F50-83BD-7DF2E12383F6}.Release|x64.Deploy.0 = Release|Any CPU
		{DA8B49D3-40A2-4F50-83BD-7DF2E12383F6}.Release|x86.ActiveCfg = Release|Any CPU
		{DA8B49D3-40A2-4F50-83BD-7DF2E12383F6}.Release|x86.Build.0 = Release|Any CPU
		{DA8B49D3-40A2-4F50-83BD-7DF2E12383F6}.Release|x86.Deploy.0 = Release|Any CPU
		{E5B947C2-4EF5-4683-A274-49565EBB3EFE}.Ad-Hoc|Any CPU.ActiveCfg = Ad-Hoc|iPhone
		{E5B947C2-4EF5-4683-A274-49565EBB3EFE}.Ad-Hoc|Any CPU.Build.0 = Ad-Hoc|iPhone
		{E5B947C2-4EF5-4683-A274-49565EBB3EFE}.Ad-Hoc|Any CPU.Deploy.0 = Ad-Hoc|iPhone
		{E5B947C2-4EF5-4683-A274-49565EBB3EFE}.Ad-Hoc|ARM.ActiveCfg = Ad-Hoc|iPhone
		{E5B947C2-4EF5-4683-A274-49565EBB3EFE}.Ad-Hoc|ARM.Build.0 = Ad-Hoc|iPhone
		{E5B947C2-4EF5-4683-A274-49565EBB3EFE}.Ad-Hoc|ARM.Deploy.0 = Ad-Hoc|iPhone
		{E5B947C2-4EF5-4683-A274-49565EBB3EFE}.Ad-Hoc|iPhone.ActiveCfg = Ad-Hoc|iPhone
		{E5B947C2-4EF5-4683-A274-49565EBB3EFE}.Ad-Hoc|iPhone.Build.0 = Ad-Hoc|iPhone
		{E5B947C2-4EF5-4683-A274-49565EBB3EFE}.Ad-Hoc|iPhone.Deploy.0 = Ad-Hoc|iPhone
		{E5B947C2-4EF5-4683-A274-49565EBB3EFE}.Ad-Hoc|iPhoneSimulator.ActiveCfg = Ad-Hoc|iPhoneSimulator
		{E5B947C2-4EF5-4683-A274-49565EBB3EFE}.Ad-Hoc|iPhoneSimulator.Build.0 = Ad-Hoc|iPhoneSimulator
		{E5B947C2-4EF5-4683-A274-49565EBB3EFE}.Ad-Hoc|iPhoneSimulator.Deploy.0 = Ad-Hoc|iPhoneSimulator
		{E5B947C2-4EF5-4683-A274-49565EBB3EFE}.Ad-Hoc|x64.ActiveCfg = Ad-Hoc|iPhone
		{E5B947C2-4EF5-4683-A274-49565EBB3EFE}.Ad-Hoc|x64.Build.0 = Ad-Hoc|iPhone
		{E5B947C2-4EF5-4683-A274-49565EBB3EFE}.Ad-Hoc|x64.Deploy.0 = Ad-Hoc|iPhone
		{E5B947C2-4EF5-4683-A274-49565EBB3EFE}.Ad-Hoc|x86.ActiveCfg = Ad-Hoc|iPhone
		{E5B947C2-4EF5-4683-A274-49565EBB3EFE}.Ad-Hoc|x86.Build.0 = Ad-Hoc|iPhone
		{E5B947C2-4EF5-4683-A274-49565EBB3EFE}.Ad-Hoc|x86.Deploy.0 = Ad-Hoc|iPhone
		{E5B947C2-4EF5-4683-A274-49565EBB3EFE}.AppStore|Any CPU.ActiveCfg = AppStore|iPhone
		{E5B947C2-4EF5-4683-A274-49565EBB3EFE}.AppStore|Any CPU.Build.0 = AppStore|iPhone
		{E5B947C2-4EF5-4683-A274-49565EBB3EFE}.AppStore|Any CPU.Deploy.0 = AppStore|iPhone
		{E5B947C2-4EF5-4683-A274-49565EBB3EFE}.AppStore|ARM.ActiveCfg = AppStore|iPhone
		{E5B947C2-4EF5-4683-A274-49565EBB3EFE}.AppStore|ARM.Build.0 = AppStore|iPhone
		{E5B947C2-4EF5-4683-A274-49565EBB3EFE}.AppStore|ARM.Deploy.0 = AppStore|iPhone
		{E5B947C2-4EF5-4683-A274-49565EBB3EFE}.AppStore|iPhone.ActiveCfg = AppStore|iPhone
		{E5B947C2-4EF5-4683-A274-49565EBB3EFE}.AppStore|iPhone.Build.0 = AppStore|iPhone
		{E5B947C2-4EF5-4683-A274-49565EBB3EFE}.AppStore|iPhone.Deploy.0 = AppStore|iPhone
		{E5B947C2-4EF5-4683-A274-49565EBB3EFE}.AppStore|iPhoneSimulator.ActiveCfg = AppStore|iPhoneSimulator
		{E5B947C2-4EF5-4683-A274-49565EBB3EFE}.AppStore|iPhoneSimulator.Build.0 = AppStore|iPhoneSimulator
		{E5B947C2-4EF5-4683-A274-49565EBB3EFE}.AppStore|iPhoneSimulator.Deploy.0 = AppStore|iPhoneSimulator
		{E5B947C2-4EF5-4683-A274-49565EBB3EFE}.AppStore|x64.ActiveCfg = AppStore|iPhone
		{E5B947C2-4EF5-4683-A274-49565EBB3EFE}.AppStore|x64.Build.0 = AppStore|iPhone
		{E5B947C2-4EF5-4683-A274-49565EBB3EFE}.AppStore|x64.Deploy.0 = AppStore|iPhone
		{E5B947C2-4EF5-4683-A274-49565EBB3EFE}.AppStore|x86.ActiveCfg = AppStore|iPhone
		{E5B947C2-4EF5-4683-A274-49565EBB3EFE}.AppStore|x86.Build.0 = AppStore|iPhone
		{E5B947C2-4EF5-4683-A274-49565EBB3EFE}.AppStore|x86.Deploy.0 = AppStore|iPhone
		{E5B947C2-4EF5-4683-A274-49565EBB3EFE}.Debug|Any CPU.ActiveCfg = Debug|iPhoneSimulator
		{E5B947C2-4EF5-4683-A274-49565EBB3EFE}.Debug|Any CPU.Build.0 = Debug|iPhoneSimulator
		{E5B947C2-4EF5-4683-A274-49565EBB3EFE}.Debug|Any CPU.Deploy.0 = Debug|iPhoneSimulator
		{E5B947C2-4EF5-4683-A274-49565EBB3EFE}.Debug|ARM.ActiveCfg = Debug|iPhone
		{E5B947C2-4EF5-4683-A274-49565EBB3EFE}.Debug|ARM.Build.0 = Debug|iPhone
		{E5B947C2-4EF5-4683-A274-49565EBB3EFE}.Debug|ARM.Deploy.0 = Debug|iPhone
		{E5B947C2-4EF5-4683-A274-49565EBB3EFE}.Debug|iPhone.ActiveCfg = Debug|iPhone
		{E5B947C2-4EF5-4683-A274-49565EBB3EFE}.Debug|iPhone.Build.0 = Debug|iPhone
		{E5B947C2-4EF5-4683-A274-49565EBB3EFE}.Debug|iPhone.Deploy.0 = Debug|iPhone
		{E5B947C2-4EF5-4683-A274-49565EBB3EFE}.Debug|iPhoneSimulator.ActiveCfg = Debug|iPhoneSimulator
		{E5B947C2-4EF5-4683-A274-49565EBB3EFE}.Debug|iPhoneSimulator.Build.0 = Debug|iPhoneSimulator
		{E5B947C2-4EF5-4683-A274-49565EBB3EFE}.Debug|iPhoneSimulator.Deploy.0 = Debug|iPhoneSimulator
		{E5B947C2-4EF5-4683-A274-49565EBB3EFE}.Debug|x64.ActiveCfg = Debug|iPhone
		{E5B947C2-4EF5-4683-A274-49565EBB3EFE}.Debug|x64.Build.0 = Debug|iPhone
		{E5B947C2-4EF5-4683-A274-49565EBB3EFE}.Debug|x64.Deploy.0 = Debug|iPhone
		{E5B947C2-4EF5-4683-A274-49565EBB3EFE}.Debug|x86.ActiveCfg = Debug|iPhone
		{E5B947C2-4EF5-4683-A274-49565EBB3EFE}.Debug|x86.Build.0 = Debug|iPhone
		{E5B947C2-4EF5-4683-A274-49565EBB3EFE}.Debug|x86.Deploy.0 = Debug|iPhone
		{E5B947C2-4EF5-4683-A274-49565EBB3EFE}.Release|Any CPU.ActiveCfg = Release|iPhone
		{E5B947C2-4EF5-4683-A274-49565EBB3EFE}.Release|Any CPU.Build.0 = Release|iPhone
		{E5B947C2-4EF5-4683-A274-49565EBB3EFE}.Release|Any CPU.Deploy.0 = Release|iPhone
		{E5B947C2-4EF5-4683-A274-49565EBB3EFE}.Release|ARM.ActiveCfg = Release|iPhone
		{E5B947C2-4EF5-4683-A274-49565EBB3EFE}.Release|ARM.Build.0 = Release|iPhone
		{E5B947C2-4EF5-4683-A274-49565EBB3EFE}.Release|ARM.Deploy.0 = Release|iPhone
		{E5B947C2-4EF5-4683-A274-49565EBB3EFE}.Release|iPhone.ActiveCfg = Release|iPhone
		{E5B947C2-4EF5-4683-A274-49565EBB3EFE}.Release|iPhone.Build.0 = Release|iPhone
		{E5B947C2-4EF5-4683-A274-49565EBB3EFE}.Release|iPhone.Deploy.0 = Release|iPhone
		{E5B947C2-4EF5-4683-A274-49565EBB3EFE}.Release|iPhoneSimulator.ActiveCfg = Release|iPhoneSimulator
		{E5B947C2-4EF5-4683-A274-49565EBB3EFE}.Release|iPhoneSimulator.Build.0 = Release|iPhoneSimulator
		{E5B947C2-4EF5-4683-A274-49565EBB3EFE}.Release|iPhoneSimulator.Deploy.0 = Release|iPhoneSimulator
		{E5B947C2-4EF5-4683-A274-49565EBB3EFE}.Release|x64.ActiveCfg = Release|iPhone
		{E5B947C2-4EF5-4683-A274-49565EBB3EFE}.Release|x64.Build.0 = Release|iPhone
		{E5B947C2-4EF5-4683-A274-49565EBB3EFE}.Release|x64.Deploy.0 = Release|iPhone
		{E5B947C2-4EF5-4683-A274-49565EBB3EFE}.Release|x86.ActiveCfg = Release|iPhone
		{E5B947C2-4EF5-4683-A274-49565EBB3EFE}.Release|x86.Build.0 = Release|iPhone
		{E5B947C2-4EF5-4683-A274-49565EBB3EFE}.Release|x86.Deploy.0 = Release|iPhone
		{7F5D9ED2-7685-41CB-B285-9EB7B55BDE8A}.Ad-Hoc|Any CPU.ActiveCfg = Release|x86
		{7F5D9ED2-7685-41CB-B285-9EB7B55BDE8A}.Ad-Hoc|Any CPU.Build.0 = Release|x86
		{7F5D9ED2-7685-41CB-B285-9EB7B55BDE8A}.Ad-Hoc|Any CPU.Deploy.0 = Release|x86
		{7F5D9ED2-7685-41CB-B285-9EB7B55BDE8A}.Ad-Hoc|ARM.ActiveCfg = Release|ARM
		{7F5D9ED2-7685-41CB-B285-9EB7B55BDE8A}.Ad-Hoc|ARM.Build.0 = Release|ARM
		{7F5D9ED2-7685-41CB-B285-9EB7B55BDE8A}.Ad-Hoc|ARM.Deploy.0 = Release|ARM
		{7F5D9ED2-7685-41CB-B285-9EB7B55BDE8A}.Ad-Hoc|iPhone.ActiveCfg = Release|x86
		{7F5D9ED2-7685-41CB-B285-9EB7B55BDE8A}.Ad-Hoc|iPhone.Build.0 = Release|x86
		{7F5D9ED2-7685-41CB-B285-9EB7B55BDE8A}.Ad-Hoc|iPhone.Deploy.0 = Release|x86
		{7F5D9ED2-7685-41CB-B285-9EB7B55BDE8A}.Ad-Hoc|iPhoneSimulator.ActiveCfg = Release|x86
		{7F5D9ED2-7685-41CB-B285-9EB7B55BDE8A}.Ad-Hoc|iPhoneSimulator.Build.0 = Release|x86
		{7F5D9ED2-7685-41CB-B285-9EB7B55BDE8A}.Ad-Hoc|iPhoneSimulator.Deploy.0 = Release|x86
		{7F5D9ED2-7685-41CB-B285-9EB7B55BDE8A}.Ad-Hoc|x64.ActiveCfg = Release|x64
		{7F5D9ED2-7685-41CB-B285-9EB7B55BDE8A}.Ad-Hoc|x64.Build.0 = Release|x64
		{7F5D9ED2-7685-41CB-B285-9EB7B55BDE8A}.Ad-Hoc|x64.Deploy.0 = Release|x64
		{7F5D9ED2-7685-41CB-B285-9EB7B55BDE8A}.Ad-Hoc|x86.ActiveCfg = Release|x86
		{7F5D9ED2-7685-41CB-B285-9EB7B55BDE8A}.Ad-Hoc|x86.Build.0 = Release|x86
		{7F5D9ED2-7685-41CB-B285-9EB7B55BDE8A}.Ad-Hoc|x86.Deploy.0 = Release|x86
		{7F5D9ED2-7685-41CB-B285-9EB7B55BDE8A}.AppStore|Any CPU.ActiveCfg = Release|x86
		{7F5D9ED2-7685-41CB-B285-9EB7B55BDE8A}.AppStore|Any CPU.Build.0 = Release|x86
		{7F5D9ED2-7685-41CB-B285-9EB7B55BDE8A}.AppStore|Any CPU.Deploy.0 = Release|x86
		{7F5D9ED2-7685-41CB-B285-9EB7B55BDE8A}.AppStore|ARM.ActiveCfg = Release|ARM
		{7F5D9ED2-7685-41CB-B285-9EB7B55BDE8A}.AppStore|ARM.Build.0 = Release|ARM
		{7F5D9ED2-7685-41CB-B285-9EB7B55BDE8A}.AppStore|ARM.Deploy.0 = Release|ARM
		{7F5D9ED2-7685-41CB-B285-9EB7B55BDE8A}.AppStore|iPhone.ActiveCfg = Release|x86
		{7F5D9ED2-7685-41CB-B285-9EB7B55BDE8A}.AppStore|iPhone.Build.0 = Release|x86
		{7F5D9ED2-7685-41CB-B285-9EB7B55BDE8A}.AppStore|iPhone.Deploy.0 = Release|x86
		{7F5D9ED2-7685-41CB-B285-9EB7B55BDE8A}.AppStore|iPhoneSimulator.ActiveCfg = Release|x86
		{7F5D9ED2-7685-41CB-B285-9EB7B55BDE8A}.AppStore|iPhoneSimulator.Build.0 = Release|x86
		{7F5D9ED2-7685-41CB-B285-9EB7B55BDE8A}.AppStore|iPhoneSimulator.Deploy.0 = Release|x86
		{7F5D9ED2-7685-41CB-B285-9EB7B55BDE8A}.AppStore|x64.ActiveCfg = Release|x64
		{7F5D9ED2-7685-41CB-B285-9EB7B55BDE8A}.AppStore|x64.Build.0 = Release|x64
		{7F5D9ED2-7685-41CB-B285-9EB7B55BDE8A}.AppStore|x64.Deploy.0 = Release|x64
		{7F5D9ED2-7685-41CB-B285-9EB7B55BDE8A}.AppStore|x86.ActiveCfg = Release|x86
		{7F5D9ED2-7685-41CB-B285-9EB7B55BDE8A}.AppStore|x86.Build.0 = Release|x86
		{7F5D9ED2-7685-41CB-B285-9EB7B55BDE8A}.AppStore|x86.Deploy.0 = Release|x86
		{7F5D9ED2-7685-41CB-B285-9EB7B55BDE8A}.Debug|Any CPU.ActiveCfg = Debug|x86
		{7F5D9ED2-7685-41CB-B285-9EB7B55BDE8A}.Debug|Any CPU.Build.0 = Debug|x86
		{7F5D9ED2-7685-41CB-B285-9EB7B55BDE8A}.Debug|Any CPU.Deploy.0 = Debug|x86
		{7F5D9ED2-7685-41CB-B285-9EB7B55BDE8A}.Debug|ARM.ActiveCfg = Debug|ARM
		{7F5D9ED2-7685-41CB-B285-9EB7B55BDE8A}.Debug|ARM.Build.0 = Debug|ARM
		{7F5D9ED2-7685-41CB-B285-9EB7B55BDE8A}.Debug|ARM.Deploy.0 = Debug|ARM
		{7F5D9ED2-7685-41CB-B285-9EB7B55BDE8A}.Debug|iPhone.ActiveCfg = Debug|x86
		{7F5D9ED2-7685-41CB-B285-9EB7B55BDE8A}.Debug|iPhone.Build.0 = Debug|x86
		{7F5D9ED2-7685-41CB-B285-9EB7B55BDE8A}.Debug|iPhone.Deploy.0 = Debug|x86
		{7F5D9ED2-7685-41CB-B285-9EB7B55BDE8A}.Debug|iPhoneSimulator.ActiveCfg = Debug|x86
		{7F5D9ED2-7685-41CB-B285-9EB7B55BDE8A}.Debug|iPhoneSimulator.Build.0 = Debug|x86
		{7F5D9ED2-7685-41CB-B285-9EB7B55BDE8A}.Debug|iPhoneSimulator.Deploy.0 = Debug|x86
		{7F5D9ED2-7685-41CB-B285-9EB7B55BDE8A}.Debug|x64.ActiveCfg = Debug|x64
		{7F5D9ED2-7685-41CB-B285-9EB7B55BDE8A}.Debug|x64.Build.0 = Debug|x64
		{7F5D9ED2-7685-41CB-B285-9EB7B55BDE8A}.Debug|x64.Deploy.0 = Debug|x64
		{7F5D9ED2-7685-41CB-B285-9EB7B55BDE8A}.Debug|x86.ActiveCfg = Debug|x86
		{7F5D9ED2-7685-41CB-B285-9EB7B55BDE8A}.Debug|x86.Build.0 = Debug|x86
		{7F5D9ED2-7685-41CB-B285-9EB7B55BDE8A}.Debug|x86.Deploy.0 = Debug|x86
		{7F5D9ED2-7685-41CB-B285-9EB7B55BDE8A}.Release|Any CPU.ActiveCfg = Release|x86
		{7F5D9ED2-7685-41CB-B285-9EB7B55BDE8A}.Release|Any CPU.Build.0 = Release|x86
		{7F5D9ED2-7685-41CB-B285-9EB7B55BDE8A}.Release|Any CPU.Deploy.0 = Release|x86
		{7F5D9ED2-7685-41CB-B285-9EB7B55BDE8A}.Release|ARM.ActiveCfg = Release|ARM
		{7F5D9ED2-7685-41CB-B285-9EB7B55BDE8A}.Release|ARM.Build.0 = Release|ARM
		{7F5D9ED2-7685-41CB-B285-9EB7B55BDE8A}.Release|ARM.Deploy.0 = Release|ARM
		{7F5D9ED2-7685-41CB-B285-9EB7B55BDE8A}.Release|iPhone.ActiveCfg = Release|x86
		{7F5D9ED2-7685-41CB-B285-9EB7B55BDE8A}.Release|iPhone.Build.0 = Release|x86
		{7F5D9ED2-7685-41CB-B285-9EB7B55BDE8A}.Release|iPhone.Deploy.0 = Release|x86
		{7F5D9ED2-7685-41CB-B285-9EB7B55BDE8A}.Release|iPhoneSimulator.ActiveCfg = Release|x86
		{7F5D9ED2-7685-41CB-B285-9EB7B55BDE8A}.Release|iPhoneSimulator.Build.0 = Release|x86
		{7F5D9ED2-7685-41CB-B285-9EB7B55BDE8A}.Release|iPhoneSimulator.Deploy.0 = Release|x86
		{7F5D9ED2-7685-41CB-B285-9EB7B55BDE8A}.Release|x64.ActiveCfg = Release|x64
		{7F5D9ED2-7685-41CB-B285-9EB7B55BDE8A}.Release|x64.Build.0 = Release|x64
		{7F5D9ED2-7685-41CB-B285-9EB7B55BDE8A}.Release|x64.Deploy.0 = Release|x64
		{7F5D9ED2-7685-41CB-B285-9EB7B55BDE8A}.Release|x86.ActiveCfg = Release|x86
		{7F5D9ED2-7685-41CB-B285-9EB7B55BDE8A}.Release|x86.Build.0 = Release|x86
		{7F5D9ED2-7685-41CB-B285-9EB7B55BDE8A}.Release|x86.Deploy.0 = Release|x86
		{2C74E4C6-FBB9-4BD8-B35E-E5854A84A90B}.Ad-Hoc|Any CPU.ActiveCfg = Debug|Any CPU
		{2C74E4C6-FBB9-4BD8-B35E-E5854A84A90B}.Ad-Hoc|Any CPU.Build.0 = Debug|Any CPU
		{2C74E4C6-FBB9-4BD8-B35E-E5854A84A90B}.Ad-Hoc|Any CPU.Deploy.0 = Debug|Any CPU
		{2C74E4C6-FBB9-4BD8-B35E-E5854A84A90B}.Ad-Hoc|ARM.ActiveCfg = Debug|Any CPU
		{2C74E4C6-FBB9-4BD8-B35E-E5854A84A90B}.Ad-Hoc|ARM.Build.0 = Debug|Any CPU
		{2C74E4C6-FBB9-4BD8-B35E-E5854A84A90B}.Ad-Hoc|ARM.Deploy.0 = Debug|Any CPU
		{2C74E4C6-FBB9-4BD8-B35E-E5854A84A90B}.Ad-Hoc|iPhone.ActiveCfg = Debug|Any CPU
		{2C74E4C6-FBB9-4BD8-B35E-E5854A84A90B}.Ad-Hoc|iPhone.Build.0 = Debug|Any CPU
		{2C74E4C6-FBB9-4BD8-B35E-E5854A84A90B}.Ad-Hoc|iPhone.Deploy.0 = Debug|Any CPU
		{2C74E4C6-FBB9-4BD8-B35E-E5854A84A90B}.Ad-Hoc|iPhoneSimulator.ActiveCfg = Debug|Any CPU
		{2C74E4C6-FBB9-4BD8-B35E-E5854A84A90B}.Ad-Hoc|iPhoneSimulator.Build.0 = Debug|Any CPU
		{2C74E4C6-FBB9-4BD8-B35E-E5854A84A90B}.Ad-Hoc|iPhoneSimulator.Deploy.0 = Debug|Any CPU
		{2C74E4C6-FBB9-4BD8-B35E-E5854A84A90B}.Ad-Hoc|x64.ActiveCfg = Debug|Any CPU
		{2C74E4C6-FBB9-4BD8-B35E-E5854A84A90B}.Ad-Hoc|x64.Build.0 = Debug|Any CPU
		{2C74E4C6-FBB9-4BD8-B35E-E5854A84A90B}.Ad-Hoc|x64.Deploy.0 = Debug|Any CPU
		{2C74E4C6-FBB9-4BD8-B35E-E5854A84A90B}.Ad-Hoc|x86.ActiveCfg = Debug|Any CPU
		{2C74E4C6-FBB9-4BD8-B35E-E5854A84A90B}.Ad-Hoc|x86.Build.0 = Debug|Any CPU
		{2C74E4C6-FBB9-4BD8-B35E-E5854A84A90B}.Ad-Hoc|x86.Deploy.0 = Debug|Any CPU
		{2C74E4C6-FBB9-4BD8-B35E-E5854A84A90B}.AppStore|Any CPU.ActiveCfg = Debug|Any CPU
		{2C74E4C6-FBB9-4BD8-B35E-E5854A84A90B}.AppStore|Any CPU.Build.0 = Debug|Any CPU
		{2C74E4C6-FBB9-4BD8-B35E-E5854A84A90B}.AppStore|Any CPU.Deploy.0 = Debug|Any CPU
		{2C74E4C6-FBB9-4BD8-B35E-E5854A84A90B}.AppStore|ARM.ActiveCfg = Debug|Any CPU
		{2C74E4C6-FBB9-4BD8-B35E-E5854A84A90B}.AppStore|ARM.Build.0 = Debug|Any CPU
		{2C74E4C6-FBB9-4BD8-B35E-E5854A84A90B}.AppStore|ARM.Deploy.0 = Debug|Any CPU
		{2C74E4C6-FBB9-4BD8-B35E-E5854A84A90B}.AppStore|iPhone.ActiveCfg = Debug|Any CPU
		{2C74E4C6-FBB9-4BD8-B35E-E5854A84A90B}.AppStore|iPhone.Build.0 = Debug|Any CPU
		{2C74E4C6-FBB9-4BD8-B35E-E5854A84A90B}.AppStore|iPhone.Deploy.0 = Debug|Any CPU
		{2C74E4C6-FBB9-4BD8-B35E-E5854A84A90B}.AppStore|iPhoneSimulator.ActiveCfg = Debug|Any CPU
		{2C74E4C6-FBB9-4BD8-B35E-E5854A84A90B}.AppStore|iPhoneSimulator.Build.0 = Debug|Any CPU
		{2C74E4C6-FBB9-4BD8-B35E-E5854A84A90B}.AppStore|iPhoneSimulator.Deploy.0 = Debug|Any CPU
		{2C74E4C6-FBB9-4BD8-B35E-E5854A84A90B}.AppStore|x64.ActiveCfg = Debug|Any CPU
		{2C74E4C6-FBB9-4BD8-B35E-E5854A84A90B}.AppStore|x64.Build.0 = Debug|Any CPU
		{2C74E4C6-FBB9-4BD8-B35E-E5854A84A90B}.AppStore|x64.Deploy.0 = Debug|Any CPU
		{2C74E4C6-FBB9-4BD8-B35E-E5854A84A90B}.AppStore|x86.ActiveCfg = Debug|Any CPU
		{2C74E4C6-FBB9-4BD8-B35E-E5854A84A90B}.AppStore|x86.Build.0 = Debug|Any CPU
		{2C74E4C6-FBB9-4BD8-B35E-E5854A84A90B}.AppStore|x86.Deploy.0 = Debug|Any CPU
		{2C74E4C6-FBB9-4BD8-B35E-E5854A84A90B}.Debug|Any CPU.ActiveCfg = Debug|Any CPU
		{2C74E4C6-FBB9-4BD8-B35E-E5854A84A90B}.Debug|Any CPU.Build.0 = Debug|Any CPU
		{2C74E4C6-FBB9-4BD8-B35E-E5854A84A90B}.Debug|Any CPU.Deploy.0 = Debug|Any CPU
		{2C74E4C6-FBB9-4BD8-B35E-E5854A84A90B}.Debug|ARM.ActiveCfg = Debug|Any CPU
		{2C74E4C6-FBB9-4BD8-B35E-E5854A84A90B}.Debug|ARM.Build.0 = Debug|Any CPU
		{2C74E4C6-FBB9-4BD8-B35E-E5854A84A90B}.Debug|ARM.Deploy.0 = Debug|Any CPU
		{2C74E4C6-FBB9-4BD8-B35E-E5854A84A90B}.Debug|iPhone.ActiveCfg = Debug|Any CPU
		{2C74E4C6-FBB9-4BD8-B35E-E5854A84A90B}.Debug|iPhone.Build.0 = Debug|Any CPU
		{2C74E4C6-FBB9-4BD8-B35E-E5854A84A90B}.Debug|iPhone.Deploy.0 = Debug|Any CPU
		{2C74E4C6-FBB9-4BD8-B35E-E5854A84A90B}.Debug|iPhoneSimulator.ActiveCfg = Debug|Any CPU
		{2C74E4C6-FBB9-4BD8-B35E-E5854A84A90B}.Debug|iPhoneSimulator.Build.0 = Debug|Any CPU
		{2C74E4C6-FBB9-4BD8-B35E-E5854A84A90B}.Debug|iPhoneSimulator.Deploy.0 = Debug|Any CPU
		{2C74E4C6-FBB9-4BD8-B35E-E5854A84A90B}.Debug|x64.ActiveCfg = Debug|Any CPU
		{2C74E4C6-FBB9-4BD8-B35E-E5854A84A90B}.Debug|x64.Build.0 = Debug|Any CPU
		{2C74E4C6-FBB9-4BD8-B35E-E5854A84A90B}.Debug|x64.Deploy.0 = Debug|Any CPU
		{2C74E4C6-FBB9-4BD8-B35E-E5854A84A90B}.Debug|x86.ActiveCfg = Debug|Any CPU
		{2C74E4C6-FBB9-4BD8-B35E-E5854A84A90B}.Debug|x86.Build.0 = Debug|Any CPU
		{2C74E4C6-FBB9-4BD8-B35E-E5854A84A90B}.Debug|x86.Deploy.0 = Debug|Any CPU
		{2C74E4C6-FBB9-4BD8-B35E-E5854A84A90B}.Release|Any CPU.ActiveCfg = Release|Any CPU
		{2C74E4C6-FBB9-4BD8-B35E-E5854A84A90B}.Release|Any CPU.Build.0 = Release|Any CPU
		{2C74E4C6-FBB9-4BD8-B35E-E5854A84A90B}.Release|Any CPU.Deploy.0 = Release|Any CPU
		{2C74E4C6-FBB9-4BD8-B35E-E5854A84A90B}.Release|ARM.ActiveCfg = Release|Any CPU
		{2C74E4C6-FBB9-4BD8-B35E-E5854A84A90B}.Release|ARM.Build.0 = Release|Any CPU
		{2C74E4C6-FBB9-4BD8-B35E-E5854A84A90B}.Release|ARM.Deploy.0 = Release|Any CPU
		{2C74E4C6-FBB9-4BD8-B35E-E5854A84A90B}.Release|iPhone.ActiveCfg = Release|Any CPU
		{2C74E4C6-FBB9-4BD8-B35E-E5854A84A90B}.Release|iPhone.Build.0 = Release|Any CPU
		{2C74E4C6-FBB9-4BD8-B35E-E5854A84A90B}.Release|iPhone.Deploy.0 = Release|Any CPU
		{2C74E4C6-FBB9-4BD8-B35E-E5854A84A90B}.Release|iPhoneSimulator.ActiveCfg = Release|Any CPU
		{2C74E4C6-FBB9-4BD8-B35E-E5854A84A90B}.Release|iPhoneSimulator.Build.0 = Release|Any CPU
		{2C74E4C6-FBB9-4BD8-B35E-E5854A84A90B}.Release|iPhoneSimulator.Deploy.0 = Release|Any CPU
		{2C74E4C6-FBB9-4BD8-B35E-E5854A84A90B}.Release|x64.ActiveCfg = Release|Any CPU
		{2C74E4C6-FBB9-4BD8-B35E-E5854A84A90B}.Release|x64.Build.0 = Release|Any CPU
		{2C74E4C6-FBB9-4BD8-B35E-E5854A84A90B}.Release|x64.Deploy.0 = Release|Any CPU
		{2C74E4C6-FBB9-4BD8-B35E-E5854A84A90B}.Release|x86.ActiveCfg = Release|Any CPU
		{2C74E4C6-FBB9-4BD8-B35E-E5854A84A90B}.Release|x86.Build.0 = Release|Any CPU
		{2C74E4C6-FBB9-4BD8-B35E-E5854A84A90B}.Release|x86.Deploy.0 = Release|Any CPU
	EndGlobalSection
	GlobalSection(SolutionProperties) = preSolution
		HideSolutionNode = FALSE
	EndGlobalSection
	GlobalSection(ExtensibilityGlobals) = postSolution
		SolutionGuid = {E486CB9B-6963-4F2E-91AB-15781435F1D0}
	EndGlobalSection
EndGlobal
